<?xml version="1.0" encoding="utf-8"?>
<Project ToolsVersion="4.0" xmlns="http://schemas.microsoft.com/developer/msbuild/2003">
  <ItemGroup>
    <Filter Include="Source Files">
      <UniqueIdentifier>{2c0e1358-29b5-4209-93f6-86c1d78648f2}</UniqueIdentifier>
      <Extensions>c</Extensions>
    </Filter>
    <Filter Include="Header Files">
      <UniqueIdentifier>{55302dce-a50a-47df-84bc-1de8039757ab}</UniqueIdentifier>
      <Extensions>h</Extensions>
    </Filter>
    <Filter Include="Data Files">
      <UniqueIdentifier>{6e87a622-869b-403b-b6e4-7a6d773f272c}</UniqueIdentifier>
      <Extensions>dat</Extensions>
    </Filter>
  </ItemGroup>
  <ItemGroup>
    <ClCompile Include="..\bit.c">
      <Filter>Source Files</Filter>
    </ClCompile>
    <ClCompile Include="..\decoder.c">
      <Filter>Source Files</Filter>
    </ClCompile>
    <ClCompile Include="..\fixed.c">
      <Filter>Source Files</Filter>
    </ClCompile>
    <ClCompile Include="..\frame.c">
      <Filter>Source Files</Filter>
    </ClCompile>
    <ClCompile Include="..\huffman.c">
      <Filter>Source Files</Filter>
    </ClCompile>
    <ClCompile Include="..\layer12.c">
      <Filter>Source Files</Filter>
    </ClCompile>
    <ClCompile Include="..\layer3.c">
      <Filter>Source Files</Filter>
    </ClCompile>
    <ClCompile Include="..\stream.c">
      <Filter>Source Files</Filter>
    </ClCompile>
    <ClCompile Include="..\synth.c">
      <Filter>Source Files</Filter>
    </ClCompile>
    <ClCompile Include="..\timer.c">
      <Filter>Source Files</Filter>
    </ClCompile>
    <ClCompile Include="..\version.c">
      <Filter>Source Files</Filter>
    </ClCompile>
    <ClCompile Include="madlldlib.c">
      <Filter>Source Files</Filter>
    </ClCompile>
  </ItemGroup>
  <ItemGroup>
    <ClInclude Include="..\bit.h">
      <Filter>Header Files</Filter>
    </ClInclude>
    <ClInclude Include="config.h">
      <Filter>Header Files</Filter>
    </ClInclude>
    <ClInclude Include="..\decoder.h">
      <Filter>Header Files</Filter>
    </ClInclude>
    <ClInclude Include="..\fixed.h">
      <Filter>Header Files</Filter>
    </ClInclude>
    <ClInclude Include="..\frame.h">
      <Filter>Header Files</Filter>
    </ClInclude>
    <ClInclude Include="..\global.h">
      <Filter>Header Files</Filter>
    </ClInclude>
    <ClInclude Include="..\huffman.h">
      <Filter>Header Files</Filter>
    </ClInclude>
    <ClInclude Include="..\layer12.h">
      <Filter>Header Files</Filter>
    </ClInclude>
    <ClInclude Include="..\layer3.h">
      <Filter>Header Files</Filter>
    </ClInclude>
    <ClInclude Include="..\stream.h">
      <Filter>Header Files</Filter>
    </ClInclude>
    <ClInclude Include="..\synth.h">
      <Filter>Header Files</Filter>
    </ClInclude>
    <ClInclude Include="..\timer.h">
      <Filter>Header Files</Filter>
    </ClInclude>
    <ClInclude Include="..\version.h">
      <Filter>Header Files</Filter>
    </ClInclude>
    <ClInclude Include="madlldlib.h">
      <Filter>Header Files</Filter>
    </ClInclude>
    <ClInclude Include="mad.h">
      <Filter>Header Files</Filter>
    </ClInclude>
  </ItemGroup>
  <ItemGroup>
    <CustomBuild Include="..\D.dat">
      <Filter>Data Files</Filter>
    </CustomBuild>
    <CustomBuild Include="..\imdct_s.dat">
      <Filter>Data Files</Filter>
    </CustomBuild>
    <CustomBuild Include="..\qc_table.dat">
      <Filter>Data Files</Filter>
    </CustomBuild>
    <CustomBuild Include="..\rq_table.dat">
      <Filter>Data Files</Filter>
    </CustomBuild>
    <CustomBuild Include="..\sf_table.dat">
      <Filter>Data Files</Filter>
    </CustomBuild>
  </ItemGroup>
</Project>